# THIS IS AN AUTOGENERATED FILE. DO NOT EDIT THIS FILE DIRECTLY.
# yarn lockfile v1


"@cspotcode/source-map-support@^0.8.0":
  "integrity" "sha512-IchNf6dN4tHoMFIn/7OE8LWZ19Y6q/67Bmf6vnGREv8RSbBVb9LPJxEcnwrcwX6ixSvaiGoomAUvu4YSxXrVgw=="
  "resolved" "https://registry.npmjs.org/@cspotcode/source-map-support/-/source-map-support-0.8.1.tgz"
  "version" "0.8.1"
  dependencies:
    "@jridgewell/trace-mapping" "0.3.9"

"@hapi/accept@^6.0.0":
  "integrity" "sha512-aG/Ml4kSBWCVmWvR8N8ULRuB385D8K/3OI7lquZQruH11eM7sHR5Nha30BbDzijJHtyV7Vwc6MlMwNfwb70ISg=="
  "resolved" "https://registry.npmjs.org/@hapi/accept/-/accept-6.0.0.tgz"
  "version" "6.0.0"
  dependencies:
    "@hapi/boom" "^10.0.0"
    "@hapi/hoek" "^10.0.0"

"@hapi/address@^4.0.1":
  "integrity" "sha512-SkszZf13HVgGmChdHo/PxchnSaCJ6cetVqLzyciudzZRT0jcOouIF/Q93mgjw8cce+D+4F4C1Z/WrfFN+O3VHQ=="
  "resolved" "https://registry.npmjs.org/@hapi/address/-/address-4.1.0.tgz"
  "version" "4.1.0"
  dependencies:
    "@hapi/hoek" "^9.0.0"

"@hapi/ammo@^6.0.0":
  "integrity" "sha512-lhX7SYtWScQaeAIL5XnE54WzyDgS5RXVeEtFEovyZcTdVzTYbo0nem56Bwko1PBcRxRUIw1v2tMb6sjFs6vEwg=="
  "resolved" "https://registry.npmjs.org/@hapi/ammo/-/ammo-6.0.0.tgz"
  "version" "6.0.0"
  dependencies:
    "@hapi/hoek" "^10.0.0"

"@hapi/b64@^6.0.0":
  "integrity" "sha512-Es6o4BtzvMmNF28KJGuwUzUtMjF6ToZ1hQt3UOjaXc6TNkRefel+NyQSjc9b5q3Re7xwv23r0xK3Vo3yreaJHQ=="
  "resolved" "https://registry.npmjs.org/@hapi/b64/-/b64-6.0.0.tgz"
  "version" "6.0.0"
  dependencies:
    "@hapi/hoek" "^10.0.0"

"@hapi/boom@^10.0.0":
  "integrity" "sha512-1YVs9tLHhypBqqinKQRqh7FUERIolarQApO37OWkzD+z6y6USi871Sv746zBPKcIOBuI6g6y4FrwX87mmJ90Gg=="
  "resolved" "https://registry.npmjs.org/@hapi/boom/-/boom-10.0.0.tgz"
  "version" "10.0.0"
  dependencies:
    "@hapi/hoek" "10.x.x"

"@hapi/bounce@^3.0.0":
  "integrity" "sha512-L0G4NcwwOYRhpcXeL76hNrLTUcObqtZMB3z4kcRVUZcR/w3v6C5Q1cTElV4/V7og1fG+wOyDR55UMFA+tWfhtA=="
  "resolved" "https://registry.npmjs.org/@hapi/bounce/-/bounce-3.0.0.tgz"
  "version" "3.0.0"
  dependencies:
    "@hapi/boom" "^10.0.0"
    "@hapi/hoek" "^10.0.0"

"@hapi/bourne@^3.0.0":
  "integrity" "sha512-Waj1cwPXJDucOib4a3bAISsKJVb15MKi9IvmTI/7ssVEm6sywXGjVJDhl6/umt1pK1ZS7PacXU3A1PmFKHEZ2w=="
  "resolved" "https://registry.npmjs.org/@hapi/bourne/-/bourne-3.0.0.tgz"
  "version" "3.0.0"

"@hapi/call@^9.0.0":
  "integrity" "sha512-Z6byqbEtKF3RIH2kWG6cX64RwEqHBWYEVkNoEx6oKvkPaTrC6WTPRgr+ANo9Xa8G1GXyvs/NCMTnn3Mdj12TSA=="
  "resolved" "https://registry.npmjs.org/@hapi/call/-/call-9.0.0.tgz"
  "version" "9.0.0"
  dependencies:
    "@hapi/boom" "^10.0.0"
    "@hapi/hoek" "^10.0.0"

"@hapi/catbox-memory@^6.0.0":
  "integrity" "sha512-A1O30g8GdaODx/GinytF6jFm772pdTPVWJe0cF2RiTOfhgIAAagzCcpBqRgQ8olLui0F5bzUF/SAi4BmkZ4yxA=="
  "resolved" "https://registry.npmjs.org/@hapi/catbox-memory/-/catbox-memory-6.0.0.tgz"
  "version" "6.0.0"
  dependencies:
    "@hapi/boom" "^10.0.0"
    "@hapi/hoek" "^10.0.0"

"@hapi/catbox@^12.0.0":
  "integrity" "sha512-60MCN5lgaXcuRTjMZqLR+DV0clS5RAFAwfYAQU2/na6PqrXHDRQcJwVMwP7jJayCrJm4POJlLDzZLuh1ba5XUg=="
  "resolved" "https://registry.npmjs.org/@hapi/catbox/-/catbox-12.1.0.tgz"
  "version" "12.1.0"
  dependencies:
    "@hapi/boom" "^10.0.0"
    "@hapi/hoek" "^10.0.0"
    "@hapi/podium" "^5.0.0"
    "@hapi/validate" "^2.0.0"

"@hapi/content@^6.0.0":
  "integrity" "sha512-CEhs7j+H0iQffKfe5Htdak5LBOz/Qc8TRh51cF+BFv0qnuph3Em4pjGVzJMkI2gfTDdlJKWJISGWS1rK34POGA=="
  "resolved" "https://registry.npmjs.org/@hapi/content/-/content-6.0.0.tgz"
  "version" "6.0.0"
  dependencies:
    "@hapi/boom" "^10.0.0"

"@hapi/cryptiles@^6.0.0":
  "integrity" "sha512-CUypQJI2F3HaKZjwlky3KyLu7p0O4WJXNJj+2AZ0czqwkwQIz8j+btOkzA3OMar8WTntnCrDx0f92PzxEK+JlA=="
  "resolved" "https://registry.npmjs.org/@hapi/cryptiles/-/cryptiles-6.0.0.tgz"
  "version" "6.0.0"
  dependencies:
    "@hapi/boom" "^10.0.0"

"@hapi/file@^3.0.0":
  "integrity" "sha512-w+lKW+yRrLhJu620jT3y+5g2mHqnKfepreykvdOcl9/6up8GrQQn+l3FRTsjHTKbkbfQFkuksHpdv2EcpKcJ4Q=="
  "resolved" "https://registry.npmjs.org/@hapi/file/-/file-3.0.0.tgz"
  "version" "3.0.0"

"@hapi/formula@^2.0.0":
  "integrity" "sha512-V87P8fv7PI0LH7LiVi8Lkf3x+KCO7pQozXRssAHNXXL9L1K+uyu4XypLXwxqVDKgyQai6qj3/KteNlrqDx4W5A=="
  "resolved" "https://registry.npmjs.org/@hapi/formula/-/formula-2.0.0.tgz"
  "version" "2.0.0"

"@hapi/hapi@^21.2.0":
  "integrity" "sha512-lhidm5B2y+4cgmI9BL0xDNDJJDcHaCUUUJk8FOSuTf61JvK5HSq6zEqdAjTD+RVePpItCMLv8ZzRrdCan0Zoqw=="
  "resolved" "https://registry.npmjs.org/@hapi/hapi/-/hapi-21.2.0.tgz"
  "version" "21.2.0"
  dependencies:
    "@hapi/accept" "^6.0.0"
    "@hapi/ammo" "^6.0.0"
    "@hapi/boom" "^10.0.0"
    "@hapi/bounce" "^3.0.0"
    "@hapi/call" "^9.0.0"
    "@hapi/catbox" "^12.0.0"
    "@hapi/catbox-memory" "^6.0.0"
    "@hapi/heavy" "^8.0.0"
    "@hapi/hoek" "^10.0.0"
    "@hapi/mimos" "^7.0.0"
    "@hapi/podium" "^5.0.0"
    "@hapi/shot" "^6.0.0"
    "@hapi/somever" "^4.1.0"
    "@hapi/statehood" "^8.0.0"
    "@hapi/subtext" "^8.0.0"
    "@hapi/teamwork" "^6.0.0"
    "@hapi/topo" "^6.0.0"
    "@hapi/validate" "^2.0.0"

"@hapi/heavy@^8.0.0":
  "integrity" "sha512-NpKo74mF66GSwYu31IZwp11/6NmaUYxHeMTKSky09XBs8fVbzQDP83856+l+Ji6wxGmUeg75itCu1ujvEF6mdA=="
  "resolved" "https://registry.npmjs.org/@hapi/heavy/-/heavy-8.0.0.tgz"
  "version" "8.0.0"
  dependencies:
    "@hapi/boom" "^10.0.0"
    "@hapi/hoek" "^10.0.0"
    "@hapi/validate" "^2.0.0"

"@hapi/hoek@^10.0.0", "@hapi/hoek@10.x.x":
  "integrity" "sha512-CvlW7jmOhWzuqOqiJQ3rQVLMcREh0eel4IBnxDx2FAcK8g7qoJRQK4L1CPBASoCY6y8e6zuCy3f2g+HWdkzcMw=="
  "resolved" "https://registry.npmjs.org/@hapi/hoek/-/hoek-10.0.1.tgz"
  "version" "10.0.1"

"@hapi/hoek@^9.0.0":
  "integrity" "sha512-/c6rf4UJlmHlC9b5BaNvzAcFv7HZ2QHaV0D4/HNlBdvFnvQq8RI4kYdhyPCl7Xj+oWvTWQ8ujhqS53LIgAe6KQ=="
  "resolved" "https://registry.npmjs.org/@hapi/hoek/-/hoek-9.3.0.tgz"
  "version" "9.3.0"

"@hapi/iron@^7.0.0":
  "integrity" "sha512-NNXJP5fpeiTCPj/4OJG2PWBjWC0/V5D8YggS9RZeuBbfUUuTYE6TbdGqLUsCzIpPI54I8W5dhwEGbRv1CnWQtw=="
  "resolved" "https://registry.npmjs.org/@hapi/iron/-/iron-7.0.0.tgz"
  "version" "7.0.0"
  dependencies:
    "@hapi/b64" "^6.0.0"
    "@hapi/boom" "^10.0.0"
    "@hapi/bourne" "^3.0.0"
    "@hapi/cryptiles" "^6.0.0"
    "@hapi/hoek" "^10.0.0"

"@hapi/joi@^17.1.1":
  "integrity" "sha512-p4DKeZAoeZW4g3u7ZeRo+vCDuSDgSvtsB/NpfjXEHTUjSeINAi/RrVOWiVQ1isaoLzMvFEhe8n5065mQq1AdQg=="
  "resolved" "https://registry.npmjs.org/@hapi/joi/-/joi-17.1.1.tgz"
  "version" "17.1.1"
  dependencies:
    "@hapi/address" "^4.0.1"
    "@hapi/formula" "^2.0.0"
    "@hapi/hoek" "^9.0.0"
    "@hapi/pinpoint" "^2.0.0"
    "@hapi/topo" "^5.0.0"

"@hapi/mimos@^7.0.0":
  "integrity" "sha512-ALORTrZrrBPOUX05rW4htNajoekEjQtUi1PB+17/3xs/hkdQ+gSEFbs5GdJihA49qWf7td3v4PgnvOe8mcf/jQ=="
  "resolved" "https://registry.npmjs.org/@hapi/mimos/-/mimos-7.0.0.tgz"
  "version" "7.0.0"
  dependencies:
    "@hapi/hoek" "^10.0.0"
    "mime-db" "^1.52.0"

"@hapi/nigel@^5.0.0":
  "integrity" "sha512-I9eq43BnSdz1BkvMpG7mFL7J+SIfn6DLNThuxFpIOAMUnkWbPgtcFP+HHrBAeoFkowfgQrr02vsIAkAPml4hvw=="
  "resolved" "https://registry.npmjs.org/@hapi/nigel/-/nigel-5.0.0.tgz"
  "version" "5.0.0"
  dependencies:
    "@hapi/hoek" "^10.0.0"
    "@hapi/vise" "^5.0.0"

"@hapi/pez@^6.0.0":
  "integrity" "sha512-3bMmsvlqrVNqaNEe4JWLZVpJ40jXuQ3vDy1+fbhyJmuAdMCMCkWexsKc7fT+mu18pFIwJzlenjc4/VE3weTq7w=="
  "resolved" "https://registry.npmjs.org/@hapi/pez/-/pez-6.0.0.tgz"
  "version" "6.0.0"
  dependencies:
    "@hapi/b64" "^6.0.0"
    "@hapi/boom" "^10.0.0"
    "@hapi/content" "^6.0.0"
    "@hapi/hoek" "^10.0.0"
    "@hapi/nigel" "^5.0.0"

"@hapi/pinpoint@^2.0.0":
  "integrity" "sha512-vzXR5MY7n4XeIvLpfl3HtE3coZYO4raKXW766R6DZw/6aLqR26iuZ109K7a0NtF2Db0jxqh7xz2AxkUwpUFybw=="
  "resolved" "https://registry.npmjs.org/@hapi/pinpoint/-/pinpoint-2.0.0.tgz"
  "version" "2.0.0"

"@hapi/podium@^5.0.0":
  "integrity" "sha512-SbhFdu8LOIscMS82Zsoj9abcllAqbK4qBgznzJ9yr+vS2j1EomJTukkhxb76Lml0BHCd4Hn79F+3EQg06kcf8g=="
  "resolved" "https://registry.npmjs.org/@hapi/podium/-/podium-5.0.0.tgz"
  "version" "5.0.0"
  dependencies:
    "@hapi/hoek" "^10.0.0"
    "@hapi/teamwork" "^6.0.0"
    "@hapi/validate" "^2.0.0"

"@hapi/shot@^6.0.0":
  "integrity" "sha512-RLGgzXy9GciJDunhY40NbVnLgYqp5gfBooZ2fOkAr4KbCEav/SJtYQS1N+knR7WFGzy8aooCR3XBUPI4ghHAkQ=="
  "resolved" "https://registry.npmjs.org/@hapi/shot/-/shot-6.0.0.tgz"
  "version" "6.0.0"
  dependencies:
    "@hapi/hoek" "^10.0.0"
    "@hapi/validate" "^2.0.0"

"@hapi/somever@^4.1.0":
  "integrity" "sha512-koNBYu7Jdcb7gaC4VcnU78rFxSlsYwuElm6NMznE0EEeznzJtvLLmDZX0SPX8kXWC/E7ONlE29HF/yiSOgWG1Q=="
  "resolved" "https://registry.npmjs.org/@hapi/somever/-/somever-4.1.0.tgz"
  "version" "4.1.0"
  dependencies:
    "@hapi/bounce" "^3.0.0"
    "@hapi/hoek" "^9.0.0"

"@hapi/statehood@^8.0.0":
  "integrity" "sha512-umQTPID7BwmqAv9Rx7yLtbTNzsYg4va96aLqKneb3mlBQG32uq4iOQZ6luwBVACDFhqU3C3ewhznhukN09ZkZQ=="
  "resolved" "https://registry.npmjs.org/@hapi/statehood/-/statehood-8.0.0.tgz"
  "version" "8.0.0"
  dependencies:
    "@hapi/boom" "^10.0.0"
    "@hapi/bounce" "^3.0.0"
    "@hapi/bourne" "^3.0.0"
    "@hapi/cryptiles" "^6.0.0"
    "@hapi/hoek" "^10.0.0"
    "@hapi/iron" "^7.0.0"
    "@hapi/validate" "^2.0.0"

"@hapi/subtext@^8.0.0":
  "integrity" "sha512-fD+LY1U1SIUNHZJrNMIbuGl3CAd9JN8slljarFO4b8RrifkzjqbvdlZu/6iT6zlNM35GtDExf7hIepbUFUkT7A=="
  "resolved" "https://registry.npmjs.org/@hapi/subtext/-/subtext-8.0.0.tgz"
  "version" "8.0.0"
  dependencies:
    "@hapi/boom" "^10.0.0"
    "@hapi/bourne" "^3.0.0"
    "@hapi/content" "^6.0.0"
    "@hapi/file" "^3.0.0"
    "@hapi/hoek" "^10.0.0"
    "@hapi/pez" "^6.0.0"
    "@hapi/wreck" "^18.0.0"

"@hapi/teamwork@^6.0.0":
  "integrity" "sha512-05HumSy3LWfXpmJ9cr6HzwhAavrHkJ1ZRCmNE2qJMihdM5YcWreWPfyN0yKT2ZjCM92au3ZkuodjBxOibxM67A=="
  "resolved" "https://registry.npmjs.org/@hapi/teamwork/-/teamwork-6.0.0.tgz"
  "version" "6.0.0"

"@hapi/topo@^5.0.0":
  "integrity" "sha512-foQZKJig7Ob0BMAYBfcJk8d77QtOe7Wo4ox7ff1lQYoNNAb6jwcY1ncdoy2e9wQZzvNy7ODZCYJkK8kzmcAnAg=="
  "resolved" "https://registry.npmjs.org/@hapi/topo/-/topo-5.1.0.tgz"
  "version" "5.1.0"
  dependencies:
    "@hapi/hoek" "^9.0.0"

"@hapi/topo@^6.0.0":
  "integrity" "sha512-aorJvN1Q1n5xrZuA50Z4X6adI6VAM2NalIVm46ALL9LUvdoqhof3JPY69jdJH8asM3PsWr2SUVYzp57EqUP41A=="
  "resolved" "https://registry.npmjs.org/@hapi/topo/-/topo-6.0.0.tgz"
  "version" "6.0.0"
  dependencies:
    "@hapi/hoek" "^10.0.0"

"@hapi/validate@^2.0.0":
  "integrity" "sha512-w5m8MvBgqGndbMIB+AWmXTb8CLtF1DlIxbnbAHNAo7aFuNQuI1Ywc2e0zDLK5fbFXDoqRzNrHnC7JjNJ+hDigw=="
  "resolved" "https://registry.npmjs.org/@hapi/validate/-/validate-2.0.0.tgz"
  "version" "2.0.0"
  dependencies:
    "@hapi/hoek" "^10.0.0"
    "@hapi/topo" "^6.0.0"

"@hapi/vise@^5.0.0":
  "integrity" "sha512-bz/PA7DHIvsd/2eoW7t9WpU8+k9pofZHppYEn1mCTOVnC/cGN3hCEYaoAe6BpoeJM72iJDKZEOWvQvfgCrmzxA=="
  "resolved" "https://registry.npmjs.org/@hapi/vise/-/vise-5.0.0.tgz"
  "version" "5.0.0"
  dependencies:
    "@hapi/hoek" "^10.0.0"

"@hapi/wreck@^18.0.0":
  "integrity" "sha512-Yk9STxoM06Hjjq58cH0KFG91u9F2h9eVE72o8vUr3AfK80qt7I2POG5+cDGTEntbnvvzm0ERow2sjG3QsqCWUA=="
  "resolved" "https://registry.npmjs.org/@hapi/wreck/-/wreck-18.0.0.tgz"
  "version" "18.0.0"
  dependencies:
    "@hapi/boom" "^10.0.0"
    "@hapi/bourne" "^3.0.0"
    "@hapi/hoek" "^10.0.0"

"@jridgewell/resolve-uri@^3.0.3":
  "integrity" "sha512-F2msla3tad+Mfht5cJq7LSXcdudKTWCVYUgw6pLFOOHSTtZlj6SWNYAp+AhuqLmWdBO2X5hPrLcu8cVP8fy28w=="
  "resolved" "https://registry.npmjs.org/@jridgewell/resolve-uri/-/resolve-uri-3.1.0.tgz"
  "version" "3.1.0"

"@jridgewell/sourcemap-codec@^1.4.10":
  "integrity" "sha512-XPSJHWmi394fuUuzDnGz1wiKqWfo1yXecHQMRf2l6hztTO+nPru658AyDngaBe7isIxEkRsPR3FZh+s7iVa4Uw=="
  "resolved" "https://registry.npmjs.org/@jridgewell/sourcemap-codec/-/sourcemap-codec-1.4.14.tgz"
  "version" "1.4.14"

"@jridgewell/trace-mapping@0.3.9":
  "integrity" "sha512-3Belt6tdc8bPgAtbcmdtNJlirVoTmEb5e2gC94PnkwEW9jI6CAHUeoG85tjWP5WquqfavoMtMwiG4P926ZKKuQ=="
  "resolved" "https://registry.npmjs.org/@jridgewell/trace-mapping/-/trace-mapping-0.3.9.tgz"
  "version" "0.3.9"
  dependencies:
    "@jridgewell/resolve-uri" "^3.0.3"
    "@jridgewell/sourcemap-codec" "^1.4.10"

"@prisma/client@^4.9.0":
  "integrity" "sha512-bz6QARw54sWcbyR1lLnF2QHvRW5R/Jxnbbmwh3u+969vUKXtBkXgSgjDA85nji31ZBlf7+FrHDy5x+5ydGyQDg=="
  "resolved" "https://registry.npmjs.org/@prisma/client/-/client-4.9.0.tgz"
  "version" "4.9.0"
  dependencies:
    "@prisma/engines-version" "4.9.0-42.ceb5c99003b99c9ee2c1d2e618e359c14aef2ea5"

"@prisma/engines-version@4.9.0-42.ceb5c99003b99c9ee2c1d2e618e359c14aef2ea5":
  "integrity" "sha512-M16aibbxi/FhW7z1sJCX8u+0DriyQYY5AyeTH7plQm9MLnURoiyn3CZBqAyIoQ+Z1pS77usCIibYJWSgleBMBA=="
  "resolved" "https://registry.npmjs.org/@prisma/engines-version/-/engines-version-4.9.0-42.ceb5c99003b99c9ee2c1d2e618e359c14aef2ea5.tgz"
  "version" "4.9.0-42.ceb5c99003b99c9ee2c1d2e618e359c14aef2ea5"

"@prisma/engines@4.9.0":
  "integrity" "sha512-t1pt0Gsp+HcgPJrHFc+d/ZSAaKKWar2G/iakrE07yeKPNavDP3iVKPpfXP22OTCHZUWf7OelwKJxQgKAm5hkgw=="
  "resolved" "https://registry.npmjs.org/@prisma/engines/-/engines-4.9.0.tgz"
  "version" "4.9.0"

"@tsconfig/node10@^1.0.7":
  "integrity" "sha512-jNsYVVxU8v5g43Erja32laIDHXeoNvFEpX33OK4d6hljo3jDhCBDhx5dhCCTMWUojscpAagGiRkBKxpdl9fxqA=="
  "resolved" "https://registry.npmjs.org/@tsconfig/node10/-/node10-1.0.9.tgz"
  "version" "1.0.9"

"@tsconfig/node12@^1.0.7":
  "integrity" "sha512-cqefuRsh12pWyGsIoBKJA9luFu3mRxCA+ORZvA4ktLSzIuCUtWVxGIuXigEwO5/ywWFMZ2QEGKWvkZG1zDMTag=="
  "resolved" "https://registry.npmjs.org/@tsconfig/node12/-/node12-1.0.11.tgz"
  "version" "1.0.11"

"@tsconfig/node14@^1.0.0":
  "integrity" "sha512-ysT8mhdixWK6Hw3i1V2AeRqZ5WfXg1G43mqoYlM2nc6388Fq5jcXyr5mRsqViLx/GJYdoL0bfXD8nmF+Zn/Iow=="
  "resolved" "https://registry.npmjs.org/@tsconfig/node14/-/node14-1.0.3.tgz"
  "version" "1.0.3"

"@tsconfig/node16@^1.0.2":
  "integrity" "sha512-yOlFc+7UtL/89t2ZhjPvvB/DeAr3r+Dq58IgzsFkOAvVC6NMJXmCGjbptdXdR9qsX7pKcTL+s87FtYREi2dEEQ=="
  "resolved" "https://registry.npmjs.org/@tsconfig/node16/-/node16-1.0.3.tgz"
  "version" "1.0.3"

"@types/hapi__joi@^17.1.9":
  "integrity" "sha512-oOMFT8vmCTFncsF1engrs04jatz8/Anwx3De9uxnOK4chgSEgWBvFtpSoJo8u3784JNO+ql5tzRR6phHoRnscQ=="
  "resolved" "https://registry.npmjs.org/@types/hapi__joi/-/hapi__joi-17.1.9.tgz"
  "version" "17.1.9"

"@types/node@*", "@types/node@^18.11.18":
  "integrity" "sha512-DHQpWGjyQKSHj3ebjFI/wRKcqQcdR+MoFBygntYOZytCqNfkd2ZC4ARDJ2DQqhjH5p85Nnd3jhUJIXrszFX/JA=="
  "resolved" "https://registry.npmjs.org/@types/node/-/node-18.11.18.tgz"
  "version" "18.11.18"

"acorn-walk@^8.1.1":
  "integrity" "sha512-k+iyHEuPgSw6SbuDpGQM+06HQUa04DZ3o+F6CSzXMvvI5KMvnaEqXe+YVe555R9nn6GPt404fos4wcgpw12SDA=="
  "resolved" "https://registry.npmjs.org/acorn-walk/-/acorn-walk-8.2.0.tgz"
  "version" "8.2.0"

"acorn@^8.4.1":
  "integrity" "sha512-7zFpHzhnqYKrkYdUjF1HI1bzd0VygEGX8lFk4k5zVMqHEoES+P+7TKI+EvLO9WVMJ8eekdO0aDEK044xTXwPPA=="
  "resolved" "https://registry.npmjs.org/acorn/-/acorn-8.8.1.tgz"
  "version" "8.8.1"

"arg@^4.1.0":
  "integrity" "sha512-58S9QDqG0Xx27YwPSt9fJxivjYl432YCwfDMfZ+71RAqUrZef7LrKQZ3LHLOwCS4FLNBplP533Zx895SeOCHvA=="
  "resolved" "https://registry.npmjs.org/arg/-/arg-4.1.3.tgz"
  "version" "4.1.3"

"create-require@^1.1.0":
  "integrity" "sha512-dcKFX3jn0MpIaXjisoRvexIJVEKzaq7z2rZKxf+MSr9TkdmHmsU4m2lcLojrj/FHl8mk5VxMmYA+ftRkP/3oKQ=="
  "resolved" "https://registry.npmjs.org/create-require/-/create-require-1.1.1.tgz"
  "version" "1.1.1"

"date-fns@^2.29.3":
  "integrity" "sha512-dDCnyH2WnnKusqvZZ6+jA1O51Ibt8ZMRNkDZdyAyK4YfbDwa/cEmuztzG5pk6hqlp9aSBPYcjOlktquahGwGeA=="
  "resolved" "https://registry.npmjs.org/date-fns/-/date-fns-2.29.3.tgz"
  "version" "2.29.3"

"diff@^4.0.1":
  "integrity" "sha512-58lmxKSA4BNyLz+HHMUzlOEpg09FV+ev6ZMe3vJihgdxzgcwZ8VoEEPmALCZG9LmqfVoNMMKpttIYTVG6uDY7A=="
  "resolved" "https://registry.npmjs.org/diff/-/diff-4.0.2.tgz"
  "version" "4.0.2"

"make-error@^1.1.1":
  "integrity" "sha512-s8UhlNe7vPKomQhC1qFelMokr/Sc3AgNbso3n74mVPA5LTZwkB9NlXf4XPamLxJE8h0gh73rM94xvwRT2CVInw=="
  "resolved" "https://registry.npmjs.org/make-error/-/make-error-1.3.6.tgz"
  "version" "1.3.6"

"mime-db@^1.52.0":
  "integrity" "sha512-sPU4uV7dYlvtWJxwwxHD0PuihVNiE7TyAbQ5SWxDCB9mUYvOgroQOwYQQOKPJ8CIbE+1ETVlOoK1UC2nU3gYvg=="
  "resolved" "https://registry.npmjs.org/mime-db/-/mime-db-1.52.0.tgz"
  "version" "1.52.0"

"prisma@*", "prisma@^4.9.0":
  "integrity" "sha512-bS96oZ5oDFXYgoF2l7PJ3Mp1wWWfLOo8B/jAfbA2Pn0Wm5Z/owBHzaMQKS3i1CzVBDWWPVnOohmbJmjvkcHS5w=="
  "resolved" "https://registry.npmjs.org/prisma/-/prisma-4.9.0.tgz"
  "version" "4.9.0"
  dependencies:
    "@prisma/engines" "4.9.0"

"ts-node@^10.9.1":
  "integrity" "sha512-NtVysVPkxxrwFGUUxGYhfux8k78pQB3JqYBXlLRZgdGUqTO5wU/UyHop5p70iEbGhB7q5KmiZiU0Y3KlJrScEw=="
  "resolved" "https://registry.npmjs.org/ts-node/-/ts-node-10.9.1.tgz"
  "version" "10.9.1"
  dependencies:
    "@cspotcode/source-map-support" "^0.8.0"
    "@tsconfig/node10" "^1.0.7"
    "@tsconfig/node12" "^1.0.7"
    "@tsconfig/node14" "^1.0.0"
    "@tsconfig/node16" "^1.0.2"
    "acorn" "^8.4.1"
    "acorn-walk" "^8.1.1"
    "arg" "^4.1.0"
    "create-require" "^1.1.0"
    "diff" "^4.0.1"
    "make-error" "^1.1.1"
    "v8-compile-cache-lib" "^3.0.1"
    "yn" "3.1.1"

"typescript@^4.9.4", "typescript@>=2.7":
  "integrity" "sha512-Uz+dTXYzxXXbsFpM86Wh3dKCxrQqUcVMxwU54orwlJjOpO3ao8L7j5lH+dWfTwgCwIuM9GQ2kvVotzYJMXTBZg=="
  "resolved" "https://registry.npmjs.org/typescript/-/typescript-4.9.4.tgz"
  "version" "4.9.4"

"v8-compile-cache-lib@^3.0.1":
  "integrity" "sha512-wa7YjyUGfNZngI/vtK0UHAN+lgDCxBPCylVXGp0zu59Fz5aiGtNXaq3DhIov063MorB+VfufLh3JlF2KdTK3xg=="
  "resolved" "https://registry.npmjs.org/v8-compile-cache-lib/-/v8-compile-cache-lib-3.0.1.tgz"
  "version" "3.0.1"

"yn@3.1.1":
  "integrity" "sha512-Ux4ygGWsu2c7isFWe8Yu1YluJmqVhxqK2cLXNQA5AcC3QfbGNpM7fu0Y8b/z16pXLnFxZYvWhd3fhBY9DLmC6Q=="
  "resolved" "https://registry.npmjs.org/yn/-/yn-3.1.1.tgz"
  "version" "3.1.1"
